{
    "name": "ics460sockets",
    "version": "1.0.0",
    "lockfileVersion": 3,
    "requires": true,
    "packages": {
        "": {
            "name": "ics460sockets",
            "version": "1.0.0",
            "license": "ISC",
            "dependencies": {
                "@socketsupply/socket": "^0.6.0-rc.8"
            }
        },
        "node_modules/@socketsupply/socket": {
            "version": "0.6.0-rc.8",
            "resolved": "https://registry.npmjs.org/@socketsupply/socket/-/socket-0.6.0-rc.8.tgz",
            "integrity": "sha512-/OLAwRd0pSjy8l+JQ0DC769sjFyrURmLlgKXFYFhMsYlrbQAgpWH2+/Rq7iFWwMyV4dMR/hy3LXvB+juf3S6NA==",
            "cpu": [
                "arm64",
                "x64"
            ],
            "license": "Apache-2.0",
            "os": [
                "linux",
                "darwin",
                "win32"
            ],
            "bin": {
                "ssc": "bin/ssc.js"
            },
            "optionalDependencies": {
                "@socketsupply/socket-darwin-arm64": "0.6.0-rc.8",
                "@socketsupply/socket-darwin-x64": "0.6.0-rc.8",
                "@socketsupply/socket-linux-arm64": "0.6.0-rc.8",
                "@socketsupply/socket-linux-x64": "0.6.0-rc.8",
                "@socketsupply/socket-win32-x64": "0.6.0-rc.8"
            }
        },
        "node_modules/@socketsupply/socket-darwin-arm64": {
            "version": "0.6.0-rc.8",
            "resolved": "https://registry.npmjs.org/@socketsupply/socket-darwin-arm64/-/socket-darwin-arm64-0.6.0-rc.8.tgz",
            "integrity": "sha512-mxZcoHlpLnaqcKcQ7HrJcAACwmTOD0pQJhGy19zZ5iQoUNfwMPe3n6xAhxbTlf+MthakdIZNrNHvHnyvBP4+uA==",
            "cpu": [
                "arm64"
            ],
            "hasInstallScript": true,
            "license": "Apache-2.0",
            "optional": true,
            "os": [
                "darwin"
            ]
        },
        "node_modules/@socketsupply/socket-linux-x64": {
            "version": "0.6.0-rc.8",
            "resolved": "https://registry.npmjs.org/@socketsupply/socket-linux-x64/-/socket-linux-x64-0.6.0-rc.8.tgz",
            "integrity": "sha512-62FdbWTg5/Li5TH6tSXVj99RrdDfSpeGUEc+1OZvbZv7+K7Iu26Sn5tYgwcv0N0xkYoqb12fk06h1bFv9OVq6g==",
            "cpu": [
                "x64"
            ],
            "hasInstallScript": true,
            "license": "Apache-2.0",
            "optional": true,
            "os": [
                "linux"
            ]
        }
    }
}
